
Microsoft Visual Studio Solution File, Format Version 12.00
# Visual Studio 15
VisualStudioVersion = 15.0.27004.2006
MinimumVisualStudioVersion = 10.0.40219.1
Project("{A0786B88-2ADB-4C21-ABE8-AA2D79766269}") = "Visual Novel Test", "Visual Novel Test\Visual Novel Test.phpproj", "{E0EC4B9E-4367-4422-85F8-63264C023146}"
EndProject
Project("{2150E333-8FDC-42A3-9474-1A3956D46DE8}") = "Solution Items", "Solution Items", "{28DE4B31-AF76-42FE-9AEF-E33EB8E80407}"
	ProjectSection(SolutionItems) = preProject
		Visual Novel Test\index.html = Visual Novel Test\index.html
		Visual Novel Test\示意圖.png = Visual Novel Test\示意圖.png
	EndProjectSection
EndProject
Project("{2150E333-8FDC-42A3-9474-1A3956D46DE8}") = "css", "css", "{11D88026-9AB4-493F-A185-EE2EA9405BBB}"
	ProjectSection(SolutionItems) = preProject
		Visual Novel Test\css\VisualNovel.css = Visual Novel Test\css\VisualNovel.css
	EndProjectSection
EndProject
Project("{2150E333-8FDC-42A3-9474-1A3956D46DE8}") = "js", "js", "{C8120ADF-46F8-4C08-9C80-6C7A35CA0357}"
	ProjectSection(SolutionItems) = preProject
		Visual Novel Test\js\VisualNovel.js = Visual Novel Test\js\VisualNovel.js
	EndProjectSection
EndProject
Project("{2150E333-8FDC-42A3-9474-1A3956D46DE8}") = "json", "json", "{C4178E07-C4B6-4451-81D6-E87438091C1F}"
	ProjectSection(SolutionItems) = preProject
		Visual Novel Test\json\test.json = Visual Novel Test\json\test.json
		Visual Novel Test\json\test2.json = Visual Novel Test\json\test2.json
	EndProjectSection
EndProject
Global
	GlobalSection(SolutionConfigurationPlatforms) = preSolution
		Debug|Any CPU = Debug|Any CPU
		Release|Any CPU = Release|Any CPU
	EndGlobalSection
	GlobalSection(ProjectConfigurationPlatforms) = postSolution
		{E0EC4B9E-4367-4422-85F8-63264C023146}.Debug|Any CPU.ActiveCfg = Debug|Any CPU
		{E0EC4B9E-4367-4422-85F8-63264C023146}.Release|Any CPU.ActiveCfg = Release|Any CPU
	EndGlobalSection
	GlobalSection(SolutionProperties) = preSolution
		HideSolutionNode = FALSE
	EndGlobalSection
	GlobalSection(ExtensibilityGlobals) = postSolution
		SolutionGuid = {B2CF1E28-B1C9-42E9-BBAF-7D2727E4A3C2}
	EndGlobalSection
EndGlobal
